
Microsoft Visual Studio Solution File, Format Version 12.00
# Visual Studio Version 16
VisualStudioVersion = 16.0.29728.190
MinimumVisualStudioVersion = 10.0.40219.1
Project("{FAE04EC0-301F-11D3-BF4B-00C04F79EFBC}") = "smoothboard-stylers", "smoothboard-stylers.csproj", "{CEC9D87E-216C-4599-80FC-24116217A4C6}"
EndProject
Global
	GlobalSection(SolutionConfigurationPlatforms) = preSolution
		Debug|Any CPU = Debug|Any CPU
		Release|Any CPU = Release|Any CPU
	EndGlobalSection
	GlobalSection(ProjectConfigurationPlatforms) = postSolution
		{CEC9D87E-216C-4599-80FC-24116217A4C6}.Debug|Any CPU.ActiveCfg = Debug|Any CPU
		{CEC9D87E-216C-4599-80FC-24116217A4C6}.Debug|Any CPU.Build.0 = Debug|Any CPU
		{CEC9D87E-216C-4599-80FC-24116217A4C6}.Release|Any CPU.ActiveCfg = Release|Any CPU
		{CEC9D87E-216C-4599-80FC-24116217A4C6}.Release|Any CPU.Build.0 = Release|Any CPU
	EndGlobalSection
	GlobalSection(SolutionProperties) = preSolution
		HideSolutionNode = FALSE
	EndGlobalSection
	GlobalSection(ExtensibilityGlobals) = postSolution
		SolutionGuid = {EFC9419C-5746-4395-80D8-F0AE488AFBAA}
	EndGlobalSection
EndGlobal
